
Microsoft Visual Studio Solution File, Format Version 12.00
# Visual Studio Version 17
VisualStudioVersion = 17.8.34525.116
MinimumVisualStudioVersion = 10.0.40219.1
Project("{FAE04EC0-301F-11D3-BF4B-00C04F79EFBC}") = "DespesaCasa", "DespesaCasa\DespesaCasa.csproj", "{7B754610-776F-4B08-9EE6-FAA13ACE2AA9}"
EndProject
Global
	GlobalSection(SolutionConfigurationPlatforms) = preSolution
		Debug|Any CPU = Debug|Any CPU
		Release|Any CPU = Release|Any CPU
	EndGlobalSection
	GlobalSection(ProjectConfigurationPlatforms) = postSolution
		{7B754610-776F-4B08-9EE6-FAA13ACE2AA9}.Debug|Any CPU.ActiveCfg = Debug|Any CPU
		{7B754610-776F-4B08-9EE6-FAA13ACE2AA9}.Debug|Any CPU.Build.0 = Debug|Any CPU
		{7B754610-776F-4B08-9EE6-FAA13ACE2AA9}.Release|Any CPU.ActiveCfg = Release|Any CPU
		{7B754610-776F-4B08-9EE6-FAA13ACE2AA9}.Release|Any CPU.Build.0 = Release|Any CPU
	EndGlobalSection
	GlobalSection(SolutionProperties) = preSolution
		HideSolutionNode = FALSE
	EndGlobalSection
	GlobalSection(ExtensibilityGlobals) = postSolution
		SolutionGuid = {EC38940C-EE48-4034-AA24-076F94E74798}
	EndGlobalSection
EndGlobal
